
Microsoft Visual Studio Solution File, Format Version 12.00
# Visual Studio Version 16
VisualStudioVersion = 16.0.29318.209
MinimumVisualStudioVersion = 10.0.40219.1
Project("{FAE04EC0-301F-11D3-BF4B-00C04F79EFBC}") = "ImageCode.Standard", "ImageCode.Standard.csproj", "{AF2166D4-34AA-408C-A48B-08BB23B861FA}"
EndProject
Global
	GlobalSection(SolutionConfigurationPlatforms) = preSolution
		Debug|Any CPU = Debug|Any CPU
		Release|Any CPU = Release|Any CPU
	EndGlobalSection
	GlobalSection(ProjectConfigurationPlatforms) = postSolution
		{AF2166D4-34AA-408C-A48B-08BB23B861FA}.Debug|Any CPU.ActiveCfg = Debug|Any CPU
		{AF2166D4-34AA-408C-A48B-08BB23B861FA}.Debug|Any CPU.Build.0 = Debug|Any CPU
		{AF2166D4-34AA-408C-A48B-08BB23B861FA}.Release|Any CPU.ActiveCfg = Release|Any CPU
		{AF2166D4-34AA-408C-A48B-08BB23B861FA}.Release|Any CPU.Build.0 = Release|Any CPU
	EndGlobalSection
	GlobalSection(SolutionProperties) = preSolution
		HideSolutionNode = FALSE
	EndGlobalSection
	GlobalSection(ExtensibilityGlobals) = postSolution
		SolutionGuid = {8EFB7757-9B7D-4237-9AB2-EE13FB433E56}
	EndGlobalSection
EndGlobal
